
Microsoft Visual Studio Solution File, Format Version 12.00
# Visual Studio Version 16
VisualStudioVersion = 16.0.31702.278
MinimumVisualStudioVersion = 10.0.40219.1
Project("{FAE04EC0-301F-11D3-BF4B-00C04F79EFBC}") = "Lession1.1", "Lession1.1\Lession1.1.csproj", "{F264D691-20BF-427D-80A8-1B32258BAB2E}"
EndProject
Global
	GlobalSection(SolutionConfigurationPlatforms) = preSolution
		Debug|Any CPU = Debug|Any CPU
		Release|Any CPU = Release|Any CPU
	EndGlobalSection
	GlobalSection(ProjectConfigurationPlatforms) = postSolution
		{F264D691-20BF-427D-80A8-1B32258BAB2E}.Debug|Any CPU.ActiveCfg = Debug|Any CPU
		{F264D691-20BF-427D-80A8-1B32258BAB2E}.Debug|Any CPU.Build.0 = Debug|Any CPU
		{F264D691-20BF-427D-80A8-1B32258BAB2E}.Release|Any CPU.ActiveCfg = Release|Any CPU
		{F264D691-20BF-427D-80A8-1B32258BAB2E}.Release|Any CPU.Build.0 = Release|Any CPU
	EndGlobalSection
	GlobalSection(SolutionProperties) = preSolution
		HideSolutionNode = FALSE
	EndGlobalSection
	GlobalSection(ExtensibilityGlobals) = postSolution
		SolutionGuid = {D8B83493-16C0-4C16-AB2C-6BF22A07A295}
	EndGlobalSection
EndGlobal
